
Microsoft Visual Studio Solution File, Format Version 12.00
# Visual Studio Version 17
VisualStudioVersion = 17.13.35825.156 d17.13
MinimumVisualStudioVersion = 10.0.40219.1
Project("{FAE04EC0-301F-11D3-BF4B-00C04F79EFBC}") = "C# 11.03 HW", "C# 11.03 HW\C# 11.03 HW.csproj", "{7989F3E2-2C16-4D08-8E60-2B2CBA2BF079}"
EndProject
Global
	GlobalSection(SolutionConfigurationPlatforms) = preSolution
		Debug|Any CPU = Debug|Any CPU
		Release|Any CPU = Release|Any CPU
	EndGlobalSection
	GlobalSection(ProjectConfigurationPlatforms) = postSolution
		{7989F3E2-2C16-4D08-8E60-2B2CBA2BF079}.Debug|Any CPU.ActiveCfg = Debug|Any CPU
		{7989F3E2-2C16-4D08-8E60-2B2CBA2BF079}.Debug|Any CPU.Build.0 = Debug|Any CPU
		{7989F3E2-2C16-4D08-8E60-2B2CBA2BF079}.Release|Any CPU.ActiveCfg = Release|Any CPU
		{7989F3E2-2C16-4D08-8E60-2B2CBA2BF079}.Release|Any CPU.Build.0 = Release|Any CPU
	EndGlobalSection
	GlobalSection(SolutionProperties) = preSolution
		HideSolutionNode = FALSE
	EndGlobalSection
	GlobalSection(ExtensibilityGlobals) = postSolution
		SolutionGuid = {D2FB12B5-7AFA-4921-9CC8-62EE86E2EA16}
	EndGlobalSection
EndGlobal
